
Microsoft Visual Studio Solution File, Format Version 12.00
# Visual Studio Version 17
VisualStudioVersion = 17.6.33815.320
MinimumVisualStudioVersion = 10.0.40219.1
Project("{FAE04EC0-301F-11D3-BF4B-00C04F79EFBC}") = "Hmwrk3", "Hmwrk3\Hmwrk3.csproj", "{BA331E9F-4983-483A-99DB-D49D267F1D1D}"
EndProject
Project("{FAE04EC0-301F-11D3-BF4B-00C04F79EFBC}") = "ClassLibrary", "ClassLibrary\ClassLibrary.csproj", "{D61CB7AC-23F6-436D-970B-70C68E05631F}"
EndProject
Global
	GlobalSection(SolutionConfigurationPlatforms) = preSolution
		Debug|Any CPU = Debug|Any CPU
		Release|Any CPU = Release|Any CPU
	EndGlobalSection
	GlobalSection(ProjectConfigurationPlatforms) = postSolution
		{BA331E9F-4983-483A-99DB-D49D267F1D1D}.Debug|Any CPU.ActiveCfg = Debug|Any CPU
		{BA331E9F-4983-483A-99DB-D49D267F1D1D}.Debug|Any CPU.Build.0 = Debug|Any CPU
		{BA331E9F-4983-483A-99DB-D49D267F1D1D}.Release|Any CPU.ActiveCfg = Release|Any CPU
		{BA331E9F-4983-483A-99DB-D49D267F1D1D}.Release|Any CPU.Build.0 = Release|Any CPU
		{D61CB7AC-23F6-436D-970B-70C68E05631F}.Debug|Any CPU.ActiveCfg = Debug|Any CPU
		{D61CB7AC-23F6-436D-970B-70C68E05631F}.Debug|Any CPU.Build.0 = Debug|Any CPU
		{D61CB7AC-23F6-436D-970B-70C68E05631F}.Release|Any CPU.ActiveCfg = Release|Any CPU
		{D61CB7AC-23F6-436D-970B-70C68E05631F}.Release|Any CPU.Build.0 = Release|Any CPU
	EndGlobalSection
	GlobalSection(SolutionProperties) = preSolution
		HideSolutionNode = FALSE
	EndGlobalSection
	GlobalSection(ExtensibilityGlobals) = postSolution
		SolutionGuid = {B3C5039B-8ECF-443F-9D7C-06EE47B8A9D0}
	EndGlobalSection
EndGlobal
